<?xml version="1.0" encoding="UTF-8"?>
<Scheme
   version = "1.3">
   <BuildAction>
      <BuildActionEntries>
         <BuildActionEntry
            buildForRunning = "YES">
            <BuildableReference
               BuildableIdentifier = "primary"
               BlueprintIdentifier = "AED6C1921465E55000D9B44E"
               BuildableName = "libDSLib.a"
               BlueprintName = "DSLib"
               ReferencedContainer = "container:DSLib.xcodeproj">
            </BuildableReference>
         </BuildActionEntry>
      </BuildActionEntries>
   </BuildAction>
   <LaunchAction
      useCustomWorkingDirectory = "NO"
      buildConfiguration = "Debug">
      <BuildableProductRunnable>
         <BuildableReference
            BuildableIdentifier = "primary"
            BlueprintIdentifier = "090523C61A5E85DD001536F9"
            BuildableName = "DSImagePickerDemo.app"
            BlueprintName = "DSImagePickerDemo"
            ReferencedContainer = "container:../../DSImagePickerDemo/DSImagePickerDemo.xcodeproj">
         </BuildableReference>
      </BuildableProductRunnable>
   </LaunchAction>
</Scheme>
