// !$*UTF8*$!
{
	archiveVersion = 1;
	classes = {
	};
	objectVersion = 46;
	objects = {

/* Begin PBXBuildFile section */
		84444FE5176FB67A00602FCB /* CStringsFunctions.h in Headers */ = {isa = PBXBuildFile; fileRef = 84444FDF176FB67A00602FCB /* CStringsFunctions.h */; };
		84444FE6176FB67A00602FCB /* CStringsFunctions.m in Sources */ = {isa = PBXBuildFile; fileRef = 84444FE0176FB67A00602FCB /* CStringsFunctions.m */; };
		84444FE7176FB67A00602FCB /* DSRuntimeHacker.h in Headers */ = {isa = PBXBuildFile; fileRef = 84444FE1176FB67A00602FCB /* DSRuntimeHacker.h */; };
		84444FE8176FB67A00602FCB /* DSRuntimeHacker.m in Sources */ = {isa = PBXBuildFile; fileRef = 84444FE2176FB67A00602FCB /* DSRuntimeHacker.m */; };
		84444FE9176FB67A00602FCB /* DSSettings_impl.h in Headers */ = {isa = PBXBuildFile; fileRef = 84444FE3176FB67A00602FCB /* DSSettings_impl.h */; };
		84444FEA176FB67A00602FCB /* DSSettings_impl.m in Sources */ = {isa = PBXBuildFile; fileRef = 84444FE4176FB67A00602FCB /* DSSettings_impl.m */; };
		847FCA7A16F9F76700D03502 /* UIDevice+Addittions.m in Sources */ = {isa = PBXBuildFile; fileRef = 847FCA4516F9F76700D03502 /* UIDevice+Addittions.m */; };
		847FCA7B16F9F76700D03502 /* CATransition+AnimationsBuilder.h in Headers */ = {isa = PBXBuildFile; fileRef = 847FCA4616F9F76700D03502 /* CATransition+AnimationsBuilder.h */; };
		847FCA7C16F9F76700D03502 /* CATransition+AnimationsBuilder.m in Sources */ = {isa = PBXBuildFile; fileRef = 847FCA4716F9F76700D03502 /* CATransition+AnimationsBuilder.m */; };
		847FCA7D16F9F76700D03502 /* NSArray+Extras.h in Headers */ = {isa = PBXBuildFile; fileRef = 847FCA4816F9F76700D03502 /* NSArray+Extras.h */; };
		847FCA7E16F9F76700D03502 /* NSArray+Extras.m in Sources */ = {isa = PBXBuildFile; fileRef = 847FCA4916F9F76700D03502 /* NSArray+Extras.m */; };
		847FCA7F16F9F76700D03502 /* NSArray+ObjectsQuery.h in Headers */ = {isa = PBXBuildFile; fileRef = 847FCA4A16F9F76700D03502 /* NSArray+ObjectsQuery.h */; };
		847FCA8016F9F76700D03502 /* NSArray+ObjectsQuery.m in Sources */ = {isa = PBXBuildFile; fileRef = 847FCA4B16F9F76700D03502 /* NSArray+ObjectsQuery.m */; };
		847FCA8116F9F76700D03502 /* NSFileManager+Directories.h in Headers */ = {isa = PBXBuildFile; fileRef = 847FCA4C16F9F76700D03502 /* NSFileManager+Directories.h */; };
		847FCA8216F9F76700D03502 /* NSFileManager+Directories.m in Sources */ = {isa = PBXBuildFile; fileRef = 847FCA4D16F9F76700D03502 /* NSFileManager+Directories.m */; };
		847FCA8316F9F76700D03502 /* NSString+Encoding.h in Headers */ = {isa = PBXBuildFile; fileRef = 847FCA4E16F9F76700D03502 /* NSString+Encoding.h */; };
		847FCA8416F9F76700D03502 /* NSString+Encoding.m in Sources */ = {isa = PBXBuildFile; fileRef = 847FCA4F16F9F76700D03502 /* NSString+Encoding.m */; };
		847FCA8516F9F76700D03502 /* NSString+Extras.h in Headers */ = {isa = PBXBuildFile; fileRef = 847FCA5016F9F76700D03502 /* NSString+Extras.h */; };
		847FCA8616F9F76700D03502 /* NSString+Extras.m in Sources */ = {isa = PBXBuildFile; fileRef = 847FCA5116F9F76700D03502 /* NSString+Extras.m */; };
		847FCA8716F9F76700D03502 /* UIAlertView+Additions.h in Headers */ = {isa = PBXBuildFile; fileRef = 847FCA5216F9F76700D03502 /* UIAlertView+Additions.h */; };
		847FCA8816F9F76700D03502 /* UIAlertView+Additions.m in Sources */ = {isa = PBXBuildFile; fileRef = 847FCA5316F9F76700D03502 /* UIAlertView+Additions.m */; };
		847FCA8916F9F76700D03502 /* UIApplication+KeyboardView.h in Headers */ = {isa = PBXBuildFile; fileRef = 847FCA5416F9F76700D03502 /* UIApplication+KeyboardView.h */; };
		847FCA8A16F9F76700D03502 /* UIApplication+KeyboardView.m in Sources */ = {isa = PBXBuildFile; fileRef = 847FCA5516F9F76700D03502 /* UIApplication+KeyboardView.m */; };
		847FCA8B16F9F76700D03502 /* UIFont+FromString.h in Headers */ = {isa = PBXBuildFile; fileRef = 847FCA5616F9F76700D03502 /* UIFont+FromString.h */; };
		847FCA8C16F9F76700D03502 /* UIFont+FromString.m in Sources */ = {isa = PBXBuildFile; fileRef = 847FCA5716F9F76700D03502 /* UIFont+FromString.m */; };
		847FCA8D16F9F76700D03502 /* UIScreen+Availability.h in Headers */ = {isa = PBXBuildFile; fileRef = 847FCA5816F9F76700D03502 /* UIScreen+Availability.h */; };
		847FCA8E16F9F76700D03502 /* UIScreen+Availability.m in Sources */ = {isa = PBXBuildFile; fileRef = 847FCA5916F9F76700D03502 /* UIScreen+Availability.m */; };
		847FCA8F16F9F76700D03502 /* UIView+XibLoading.h in Headers */ = {isa = PBXBuildFile; fileRef = 847FCA5A16F9F76700D03502 /* UIView+XibLoading.h */; };
		847FCA9016F9F76700D03502 /* UIView+XibLoading.m in Sources */ = {isa = PBXBuildFile; fileRef = 847FCA5B16F9F76700D03502 /* UIView+XibLoading.m */; };
		847FCA9116F9F76700D03502 /* DSTimeFunctions.h in Headers */ = {isa = PBXBuildFile; fileRef = 847FCA5C16F9F76700D03502 /* DSTimeFunctions.h */; };
		847FCA9216F9F76700D03502 /* NSData+OAdditions.h in Headers */ = {isa = PBXBuildFile; fileRef = 847FCA5D16F9F76700D03502 /* NSData+OAdditions.h */; };
		847FCA9316F9F76700D03502 /* NSData+OAdditions.m in Sources */ = {isa = PBXBuildFile; fileRef = 847FCA5E16F9F76700D03502 /* NSData+OAdditions.m */; };
		847FCA9416F9F76700D03502 /* NSDate+OAddittions.h in Headers */ = {isa = PBXBuildFile; fileRef = 847FCA5F16F9F76700D03502 /* NSDate+OAddittions.h */; };
		847FCA9516F9F76700D03502 /* NSDate+OAddittions.m in Sources */ = {isa = PBXBuildFile; fileRef = 847FCA6016F9F76700D03502 /* NSDate+OAddittions.m */; };
		847FCA9616F9F76700D03502 /* NSDictionary+JSONDictionary.h in Headers */ = {isa = PBXBuildFile; fileRef = 847FCA6116F9F76700D03502 /* NSDictionary+JSONDictionary.h */; };
		847FCA9716F9F76700D03502 /* NSDictionary+JSONDictionary.m in Sources */ = {isa = PBXBuildFile; fileRef = 847FCA6216F9F76700D03502 /* NSDictionary+JSONDictionary.m */; };
		847FCA9816F9F76700D03502 /* NSMutableArray+Additions.h in Headers */ = {isa = PBXBuildFile; fileRef = 847FCA6316F9F76700D03502 /* NSMutableArray+Additions.h */; };
		847FCA9916F9F76700D03502 /* NSMutableArray+Additions.m in Sources */ = {isa = PBXBuildFile; fileRef = 847FCA6416F9F76700D03502 /* NSMutableArray+Additions.m */; };
		847FCA9A16F9F76700D03502 /* NSMutableURLRequest+POSTData.h in Headers */ = {isa = PBXBuildFile; fileRef = 847FCA6516F9F76700D03502 /* NSMutableURLRequest+POSTData.h */; };
		847FCA9B16F9F76700D03502 /* NSMutableURLRequest+POSTData.m in Sources */ = {isa = PBXBuildFile; fileRef = 847FCA6616F9F76700D03502 /* NSMutableURLRequest+POSTData.m */; };
		847FCA9C16F9F76700D03502 /* NSObject+DeepCopy.h in Headers */ = {isa = PBXBuildFile; fileRef = 847FCA6716F9F76700D03502 /* NSObject+DeepCopy.h */; };
		847FCA9D16F9F76700D03502 /* NSObject+DeepCopy.m in Sources */ = {isa = PBXBuildFile; fileRef = 847FCA6816F9F76700D03502 /* NSObject+DeepCopy.m */; };
		847FCA9E16F9F76700D03502 /* NSObject+DSAdditions.h in Headers */ = {isa = PBXBuildFile; fileRef = 847FCA6916F9F76700D03502 /* NSObject+DSAdditions.h */; };
		847FCA9F16F9F76700D03502 /* NSObject+DSAdditions.m in Sources */ = {isa = PBXBuildFile; fileRef = 847FCA6A16F9F76700D03502 /* NSObject+DSAdditions.m */; };
		847FCAA016F9F76700D03502 /* UIApplication+DSAdditions.h in Headers */ = {isa = PBXBuildFile; fileRef = 847FCA6B16F9F76700D03502 /* UIApplication+DSAdditions.h */; };
		847FCAA116F9F76700D03502 /* UIApplication+DSAdditions.m in Sources */ = {isa = PBXBuildFile; fileRef = 847FCA6C16F9F76700D03502 /* UIApplication+DSAdditions.m */; };
		847FCAA216F9F76700D03502 /* UIBarButtonItem+DSAdditions.h in Headers */ = {isa = PBXBuildFile; fileRef = 847FCA6D16F9F76700D03502 /* UIBarButtonItem+DSAdditions.h */; };
		847FCAA316F9F76700D03502 /* UIBarButtonItem+DSAdditions.m in Sources */ = {isa = PBXBuildFile; fileRef = 847FCA6E16F9F76700D03502 /* UIBarButtonItem+DSAdditions.m */; };
		847FCAA416F9F76700D03502 /* UIDevice+Additions.h in Headers */ = {isa = PBXBuildFile; fileRef = 847FCA6F16F9F76700D03502 /* UIDevice+Additions.h */; };
		847FCAA516F9F76700D03502 /* UIDevice+Additions.m in Sources */ = {isa = PBXBuildFile; fileRef = 847FCA7016F9F76700D03502 /* UIDevice+Additions.m */; };
		847FCAA616F9F76700D03502 /* UITableView+DSAdditions.h in Headers */ = {isa = PBXBuildFile; fileRef = 847FCA7116F9F76700D03502 /* UITableView+DSAdditions.h */; };
		847FCAA716F9F76700D03502 /* UITableView+DSAdditions.m in Sources */ = {isa = PBXBuildFile; fileRef = 847FCA7216F9F76700D03502 /* UITableView+DSAdditions.m */; };
		847FCAA816F9F76700D03502 /* UIView+Layout.h in Headers */ = {isa = PBXBuildFile; fileRef = 847FCA7316F9F76700D03502 /* UIView+Layout.h */; };
		847FCAA916F9F76700D03502 /* UIView+Layout.m in Sources */ = {isa = PBXBuildFile; fileRef = 847FCA7416F9F76700D03502 /* UIView+Layout.m */; };
		847FCAAA16F9F76700D03502 /* UIView+Resizing.h in Headers */ = {isa = PBXBuildFile; fileRef = 847FCA7516F9F76700D03502 /* UIView+Resizing.h */; };
		847FCAAB16F9F76700D03502 /* UIView+Resizing.m in Sources */ = {isa = PBXBuildFile; fileRef = 847FCA7616F9F76700D03502 /* UIView+Resizing.m */; };
		847FCAAC16F9F76700D03502 /* XibLoader.h in Headers */ = {isa = PBXBuildFile; fileRef = 847FCA7716F9F76700D03502 /* XibLoader.h */; };
		847FCAAD16F9F76700D03502 /* XibLoader.m in Sources */ = {isa = PBXBuildFile; fileRef = 847FCA7816F9F76700D03502 /* XibLoader.m */; };
		847FCAAE16F9F76700D03502 /* UIDevice+Addittions.h in Headers */ = {isa = PBXBuildFile; fileRef = 847FCA7916F9F76700D03502 /* UIDevice+Addittions.h */; };
		849D04DC17702FC300BCD7A5 /* DSDateFormatterCache.h in Headers */ = {isa = PBXBuildFile; fileRef = 849D04DA17702FC300BCD7A5 /* DSDateFormatterCache.h */; };
		849D04DD17702FC300BCD7A5 /* DSDateFormatterCache.m in Sources */ = {isa = PBXBuildFile; fileRef = 849D04DB17702FC300BCD7A5 /* DSDateFormatterCache.m */; };
		AED6C1971465E55000D9B44E /* Foundation.framework in Frameworks */ = {isa = PBXBuildFile; fileRef = AED6C1961465E55000D9B44E /* Foundation.framework */; };
		AED6C1F21465E77600D9B44E /* DSCArray.h in Headers */ = {isa = PBXBuildFile; fileRef = AED6C1C11465E77600D9B44E /* DSCArray.h */; };
		AED6C1F31465E77600D9B44E /* DSCArray.m in Sources */ = {isa = PBXBuildFile; fileRef = AED6C1C21465E77600D9B44E /* DSCArray.m */; };
		AED6C1F41465E77600D9B44E /* DSCFLoatDictionary.h in Headers */ = {isa = PBXBuildFile; fileRef = AED6C1C31465E77600D9B44E /* DSCFLoatDictionary.h */; };
		AED6C1F51465E77600D9B44E /* DSCFLoatDictionary.m in Sources */ = {isa = PBXBuildFile; fileRef = AED6C1C41465E77600D9B44E /* DSCFLoatDictionary.m */; };
		AED6C1F61465E77600D9B44E /* DSQueue.h in Headers */ = {isa = PBXBuildFile; fileRef = AED6C1C51465E77600D9B44E /* DSQueue.h */; };
		AED6C1F71465E77600D9B44E /* DSQueue.m in Sources */ = {isa = PBXBuildFile; fileRef = AED6C1C61465E77600D9B44E /* DSQueue.m */; };
		AED6C1F81465E77600D9B44E /* CoreDataManager.h in Headers */ = {isa = PBXBuildFile; fileRef = AED6C1C81465E77600D9B44E /* CoreDataManager.h */; };
		AED6C1F91465E77600D9B44E /* CoreDataManager.m in Sources */ = {isa = PBXBuildFile; fileRef = AED6C1C91465E77600D9B44E /* CoreDataManager.m */; };
		AED6C1FA1465E77600D9B44E /* DSMacros.h in Headers */ = {isa = PBXBuildFile; fileRef = AED6C1CA1465E77600D9B44E /* DSMacros.h */; };
		AED6C1FB1465E77600D9B44E /* DSMacros.m in Sources */ = {isa = PBXBuildFile; fileRef = AED6C1CB1465E77600D9B44E /* DSMacros.m */; };
		AED6C1FE1465E77600D9B44E /* DependencyRegister.h in Headers */ = {isa = PBXBuildFile; fileRef = AED6C1D21465E77600D9B44E /* DependencyRegister.h */; };
		AED6C1FF1465E77600D9B44E /* DependencyRegister.m in Sources */ = {isa = PBXBuildFile; fileRef = AED6C1D31465E77600D9B44E /* DependencyRegister.m */; };
		AED6C2001465E77600D9B44E /* DependencyResolver+Private.h in Headers */ = {isa = PBXBuildFile; fileRef = AED6C1D41465E77600D9B44E /* DependencyResolver+Private.h */; };
		AED6C2011465E77600D9B44E /* DependencyResolver+Private.m in Sources */ = {isa = PBXBuildFile; fileRef = AED6C1D51465E77600D9B44E /* DependencyResolver+Private.m */; };
		AED6C2021465E77600D9B44E /* DependencyResolver+Register.h in Headers */ = {isa = PBXBuildFile; fileRef = AED6C1D61465E77600D9B44E /* DependencyResolver+Register.h */; };
		AED6C2031465E77600D9B44E /* DependencyResolver+Register.m in Sources */ = {isa = PBXBuildFile; fileRef = AED6C1D71465E77600D9B44E /* DependencyResolver+Register.m */; };
		AED6C2041465E77600D9B44E /* DependencyResolver.h in Headers */ = {isa = PBXBuildFile; fileRef = AED6C1D81465E77600D9B44E /* DependencyResolver.h */; };
		AED6C2051465E77600D9B44E /* DependencyResolver.m in Sources */ = {isa = PBXBuildFile; fileRef = AED6C1D91465E77600D9B44E /* DependencyResolver.m */; };
		AED6C2061465E77600D9B44E /* FontsDB.h in Headers */ = {isa = PBXBuildFile; fileRef = AED6C1DD1465E77600D9B44E /* FontsDB.h */; };
		AED6C2071465E77600D9B44E /* FontsDB.m in Sources */ = {isa = PBXBuildFile; fileRef = AED6C1DE1465E77600D9B44E /* FontsDB.m */; };
		AED6C2081465E77600D9B44E /* DSFontManager.h in Headers */ = {isa = PBXBuildFile; fileRef = AED6C1DF1465E77600D9B44E /* DSFontManager.h */; };
		AED6C2091465E77600D9B44E /* DSFontManager.m in Sources */ = {isa = PBXBuildFile; fileRef = AED6C1E01465E77600D9B44E /* DSFontManager.m */; };
		AED6C20A1465E77600D9B44E /* DSActivityIndicator.h in Headers */ = {isa = PBXBuildFile; fileRef = AED6C1E41465E77600D9B44E /* DSActivityIndicator.h */; };
		AED6C20B1465E77600D9B44E /* DSActivityIndicator.m in Sources */ = {isa = PBXBuildFile; fileRef = AED6C1E51465E77600D9B44E /* DSActivityIndicator.m */; };
		AED6C20D1465E89800D9B44E /* UIKit.framework in Frameworks */ = {isa = PBXBuildFile; fileRef = AED6C20C1465E89800D9B44E /* UIKit.framework */; };
		AED6C2721465EF3200D9B44E /* DSFlashingImageView.h in Headers */ = {isa = PBXBuildFile; fileRef = AED6C2521465EF3200D9B44E /* DSFlashingImageView.h */; };
		AED6C2731465EF3200D9B44E /* DSFlashingImageView.m in Sources */ = {isa = PBXBuildFile; fileRef = AED6C2531465EF3200D9B44E /* DSFlashingImageView.m */; };
		AED6C2741465EF3200D9B44E /* DSRotatingImageView.h in Headers */ = {isa = PBXBuildFile; fileRef = AED6C2551465EF3200D9B44E /* DSRotatingImageView.h */; };
		AED6C2751465EF3200D9B44E /* DSRotatingImageView.m in Sources */ = {isa = PBXBuildFile; fileRef = AED6C2561465EF3200D9B44E /* DSRotatingImageView.m */; };
		AED6C2761465EF3200D9B44E /* DSSlider.h in Headers */ = {isa = PBXBuildFile; fileRef = AED6C2581465EF3200D9B44E /* DSSlider.h */; };
		AED6C2771465EF3200D9B44E /* DSSlider.m in Sources */ = {isa = PBXBuildFile; fileRef = AED6C2591465EF3200D9B44E /* DSSlider.m */; };
		AED6C2781465EF3200D9B44E /* DSSliderDelegate.h in Headers */ = {isa = PBXBuildFile; fileRef = AED6C25A1465EF3200D9B44E /* DSSliderDelegate.h */; };
		AED6C2791465EF3200D9B44E /* PGSlider.h in Headers */ = {isa = PBXBuildFile; fileRef = AED6C25B1465EF3200D9B44E /* PGSlider.h */; };
		AED6C27A1465EF3200D9B44E /* PGSlider.m in Sources */ = {isa = PBXBuildFile; fileRef = AED6C25C1465EF3200D9B44E /* PGSlider.m */; };
		AED6C27B1465EF3200D9B44E /* DSCheckButton.h in Headers */ = {isa = PBXBuildFile; fileRef = AED6C2641465EF3200D9B44E /* DSCheckButton.h */; };
		AED6C27C1465EF3200D9B44E /* DSCheckButton.m in Sources */ = {isa = PBXBuildFile; fileRef = AED6C2651465EF3200D9B44E /* DSCheckButton.m */; };
		AED6C27D1465EF3200D9B44E /* DSCheckButtonProtocol.h in Headers */ = {isa = PBXBuildFile; fileRef = AED6C2661465EF3200D9B44E /* DSCheckButtonProtocol.h */; };
		AED6C27E1465EF3200D9B44E /* UISwitch+DSCheckButton.h in Headers */ = {isa = PBXBuildFile; fileRef = AED6C2671465EF3200D9B44E /* UISwitch+DSCheckButton.h */; };
		AED6C27F1465EF3200D9B44E /* UISwitch+DSCheckButton.m in Sources */ = {isa = PBXBuildFile; fileRef = AED6C2681465EF3200D9B44E /* UISwitch+DSCheckButton.m */; };
		AED6C2801465EF3200D9B44E /* PGVideoImageView.h in Headers */ = {isa = PBXBuildFile; fileRef = AED6C26A1465EF3200D9B44E /* PGVideoImageView.h */; };
		AED6C2811465EF3200D9B44E /* PGVideoImageView.m in Sources */ = {isa = PBXBuildFile; fileRef = AED6C26B1465EF3200D9B44E /* PGVideoImageView.m */; };
		AED6C2821465EF3200D9B44E /* PGVideoImageViewDelegate.h in Headers */ = {isa = PBXBuildFile; fileRef = AED6C26C1465EF3200D9B44E /* PGVideoImageViewDelegate.h */; };
		AED6C2831465EF3200D9B44E /* DSValueChooserViewController.h in Headers */ = {isa = PBXBuildFile; fileRef = AED6C26E1465EF3200D9B44E /* DSValueChooserViewController.h */; };
		AED6C2841465EF3200D9B44E /* DSValueChooserViewController.m in Sources */ = {isa = PBXBuildFile; fileRef = AED6C26F1465EF3200D9B44E /* DSValueChooserViewController.m */; };
		AED6C2851465EF3200D9B44E /* DSValueChooserViewControllerDelegate.h in Headers */ = {isa = PBXBuildFile; fileRef = AED6C2711465EF3200D9B44E /* DSValueChooserViewControllerDelegate.h */; };
		AED6C2941465EF5200D9B44E /* PGTimeFunctions.h in Headers */ = {isa = PBXBuildFile; fileRef = AED6C2871465EF4F00D9B44E /* PGTimeFunctions.h */; };
		AED6C2951465EF5200D9B44E /* PGTimeFunctions.m in Sources */ = {isa = PBXBuildFile; fileRef = AED6C2881465EF4F00D9B44E /* PGTimeFunctions.m */; };
		AED6C2961465EF5200D9B44E /* PGSMSBridge.h in Headers */ = {isa = PBXBuildFile; fileRef = AED6C28B1465EF5000D9B44E /* PGSMSBridge.h */; };
		AED6C2971465EF5200D9B44E /* PGSMSBridge.m in Sources */ = {isa = PBXBuildFile; fileRef = AED6C28C1465EF5000D9B44E /* PGSMSBridge.m */; };
		AED6C2981465EF5200D9B44E /* PGAccelerometerMovementDetector.h in Headers */ = {isa = PBXBuildFile; fileRef = AED6C28F1465EF5200D9B44E /* PGAccelerometerMovementDetector.h */; };
		AED6C2991465EF5200D9B44E /* PGAccelerometerMovementDetector.m in Sources */ = {isa = PBXBuildFile; fileRef = AED6C2901465EF5200D9B44E /* PGAccelerometerMovementDetector.m */; };
		AED6C29A1465EF5200D9B44E /* DSVibrator.h in Headers */ = {isa = PBXBuildFile; fileRef = AED6C2921465EF5200D9B44E /* DSVibrator.h */; };
		AED6C29B1465EF5200D9B44E /* DSVibrator.m in Sources */ = {isa = PBXBuildFile; fileRef = AED6C2931465EF5200D9B44E /* DSVibrator.m */; };
/* End PBXBuildFile section */

/* Begin PBXFileReference section */
		84444FDF176FB67A00602FCB /* CStringsFunctions.h */ = {isa = PBXFileReference; fileEncoding = 4; lastKnownFileType = sourcecode.c.h; path = CStringsFunctions.h; sourceTree = "<group>"; };
		84444FE0176FB67A00602FCB /* CStringsFunctions.m */ = {isa = PBXFileReference; fileEncoding = 4; lastKnownFileType = sourcecode.c.objc; path = CStringsFunctions.m; sourceTree = "<group>"; };
		84444FE1176FB67A00602FCB /* DSRuntimeHacker.h */ = {isa = PBXFileReference; fileEncoding = 4; lastKnownFileType = sourcecode.c.h; path = DSRuntimeHacker.h; sourceTree = "<group>"; };
		84444FE2176FB67A00602FCB /* DSRuntimeHacker.m */ = {isa = PBXFileReference; fileEncoding = 4; lastKnownFileType = sourcecode.c.objc; path = DSRuntimeHacker.m; sourceTree = "<group>"; };
		84444FE3176FB67A00602FCB /* DSSettings_impl.h */ = {isa = PBXFileReference; fileEncoding = 4; lastKnownFileType = sourcecode.c.h; path = DSSettings_impl.h; sourceTree = "<group>"; };
		84444FE4176FB67A00602FCB /* DSSettings_impl.m */ = {isa = PBXFileReference; fileEncoding = 4; lastKnownFileType = sourcecode.c.objc; path = DSSettings_impl.m; sourceTree = "<group>"; };
		847FCA4516F9F76700D03502 /* UIDevice+Addittions.m */ = {isa = PBXFileReference; fileEncoding = 4; lastKnownFileType = sourcecode.c.objc; path = "UIDevice+Addittions.m"; sourceTree = "<group>"; };
		847FCA4616F9F76700D03502 /* CATransition+AnimationsBuilder.h */ = {isa = PBXFileReference; fileEncoding = 4; lastKnownFileType = sourcecode.c.h; path = "CATransition+AnimationsBuilder.h"; sourceTree = "<group>"; };
		847FCA4716F9F76700D03502 /* CATransition+AnimationsBuilder.m */ = {isa = PBXFileReference; fileEncoding = 4; lastKnownFileType = sourcecode.c.objc; path = "CATransition+AnimationsBuilder.m"; sourceTree = "<group>"; };
		847FCA4816F9F76700D03502 /* NSArray+Extras.h */ = {isa = PBXFileReference; fileEncoding = 4; lastKnownFileType = sourcecode.c.h; path = "NSArray+Extras.h"; sourceTree = "<group>"; };
		847FCA4916F9F76700D03502 /* NSArray+Extras.m */ = {isa = PBXFileReference; fileEncoding = 4; lastKnownFileType = sourcecode.c.objc; path = "NSArray+Extras.m"; sourceTree = "<group>"; };
		847FCA4A16F9F76700D03502 /* NSArray+ObjectsQuery.h */ = {isa = PBXFileReference; fileEncoding = 4; lastKnownFileType = sourcecode.c.h; path = "NSArray+ObjectsQuery.h"; sourceTree = "<group>"; };
		847FCA4B16F9F76700D03502 /* NSArray+ObjectsQuery.m */ = {isa = PBXFileReference; fileEncoding = 4; lastKnownFileType = sourcecode.c.objc; path = "NSArray+ObjectsQuery.m"; sourceTree = "<group>"; };
		847FCA4C16F9F76700D03502 /* NSFileManager+Directories.h */ = {isa = PBXFileReference; fileEncoding = 4; lastKnownFileType = sourcecode.c.h; path = "NSFileManager+Directories.h"; sourceTree = "<group>"; };
		847FCA4D16F9F76700D03502 /* NSFileManager+Directories.m */ = {isa = PBXFileReference; fileEncoding = 4; lastKnownFileType = sourcecode.c.objc; path = "NSFileManager+Directories.m"; sourceTree = "<group>"; };
		847FCA4E16F9F76700D03502 /* NSString+Encoding.h */ = {isa = PBXFileReference; fileEncoding = 4; lastKnownFileType = sourcecode.c.h; path = "NSString+Encoding.h"; sourceTree = "<group>"; };
		847FCA4F16F9F76700D03502 /* NSString+Encoding.m */ = {isa = PBXFileReference; fileEncoding = 4; lastKnownFileType = sourcecode.c.objc; path = "NSString+Encoding.m"; sourceTree = "<group>"; };
		847FCA5016F9F76700D03502 /* NSString+Extras.h */ = {isa = PBXFileReference; fileEncoding = 4; lastKnownFileType = sourcecode.c.h; path = "NSString+Extras.h"; sourceTree = "<group>"; };
		847FCA5116F9F76700D03502 /* NSString+Extras.m */ = {isa = PBXFileReference; fileEncoding = 4; lastKnownFileType = sourcecode.c.objc; path = "NSString+Extras.m"; sourceTree = "<group>"; };
		847FCA5216F9F76700D03502 /* UIAlertView+Additions.h */ = {isa = PBXFileReference; fileEncoding = 4; lastKnownFileType = sourcecode.c.h; path = "UIAlertView+Additions.h"; sourceTree = "<group>"; };
		847FCA5316F9F76700D03502 /* UIAlertView+Additions.m */ = {isa = PBXFileReference; fileEncoding = 4; lastKnownFileType = sourcecode.c.objc; path = "UIAlertView+Additions.m"; sourceTree = "<group>"; };
		847FCA5416F9F76700D03502 /* UIApplication+KeyboardView.h */ = {isa = PBXFileReference; fileEncoding = 4; lastKnownFileType = sourcecode.c.h; path = "UIApplication+KeyboardView.h"; sourceTree = "<group>"; };
		847FCA5516F9F76700D03502 /* UIApplication+KeyboardView.m */ = {isa = PBXFileReference; fileEncoding = 4; lastKnownFileType = sourcecode.c.objc; path = "UIApplication+KeyboardView.m"; sourceTree = "<group>"; };
		847FCA5616F9F76700D03502 /* UIFont+FromString.h */ = {isa = PBXFileReference; fileEncoding = 4; lastKnownFileType = sourcecode.c.h; path = "UIFont+FromString.h"; sourceTree = "<group>"; };
		847FCA5716F9F76700D03502 /* UIFont+FromString.m */ = {isa = PBXFileReference; fileEncoding = 4; lastKnownFileType = sourcecode.c.objc; path = "UIFont+FromString.m"; sourceTree = "<group>"; };
		847FCA5816F9F76700D03502 /* UIScreen+Availability.h */ = {isa = PBXFileReference; fileEncoding = 4; lastKnownFileType = sourcecode.c.h; path = "UIScreen+Availability.h"; sourceTree = "<group>"; };
		847FCA5916F9F76700D03502 /* UIScreen+Availability.m */ = {isa = PBXFileReference; fileEncoding = 4; lastKnownFileType = sourcecode.c.objc; path = "UIScreen+Availability.m"; sourceTree = "<group>"; };
		847FCA5A16F9F76700D03502 /* UIView+XibLoading.h */ = {isa = PBXFileReference; fileEncoding = 4; lastKnownFileType = sourcecode.c.h; path = "UIView+XibLoading.h"; sourceTree = "<group>"; };
		847FCA5B16F9F76700D03502 /* UIView+XibLoading.m */ = {isa = PBXFileReference; fileEncoding = 4; lastKnownFileType = sourcecode.c.objc; path = "UIView+XibLoading.m"; sourceTree = "<group>"; };
		847FCA5C16F9F76700D03502 /* DSTimeFunctions.h */ = {isa = PBXFileReference; fileEncoding = 4; lastKnownFileType = sourcecode.c.h; path = DSTimeFunctions.h; sourceTree = "<group>"; };
		847FCA5D16F9F76700D03502 /* NSData+OAdditions.h */ = {isa = PBXFileReference; fileEncoding = 4; lastKnownFileType = sourcecode.c.h; path = "NSData+OAdditions.h"; sourceTree = "<group>"; };
		847FCA5E16F9F76700D03502 /* NSData+OAdditions.m */ = {isa = PBXFileReference; fileEncoding = 4; lastKnownFileType = sourcecode.c.objc; path = "NSData+OAdditions.m"; sourceTree = "<group>"; };
		847FCA5F16F9F76700D03502 /* NSDate+OAddittions.h */ = {isa = PBXFileReference; fileEncoding = 4; lastKnownFileType = sourcecode.c.h; path = "NSDate+OAddittions.h"; sourceTree = "<group>"; };
		847FCA6016F9F76700D03502 /* NSDate+OAddittions.m */ = {isa = PBXFileReference; fileEncoding = 4; lastKnownFileType = sourcecode.c.objc; path = "NSDate+OAddittions.m"; sourceTree = "<group>"; };
		847FCA6116F9F76700D03502 /* NSDictionary+JSONDictionary.h */ = {isa = PBXFileReference; fileEncoding = 4; lastKnownFileType = sourcecode.c.h; path = "NSDictionary+JSONDictionary.h"; sourceTree = "<group>"; };
		847FCA6216F9F76700D03502 /* NSDictionary+JSONDictionary.m */ = {isa = PBXFileReference; fileEncoding = 4; lastKnownFileType = sourcecode.c.objc; path = "NSDictionary+JSONDictionary.m"; sourceTree = "<group>"; };
		847FCA6316F9F76700D03502 /* NSMutableArray+Additions.h */ = {isa = PBXFileReference; fileEncoding = 4; lastKnownFileType = sourcecode.c.h; path = "NSMutableArray+Additions.h"; sourceTree = "<group>"; };
		847FCA6416F9F76700D03502 /* NSMutableArray+Additions.m */ = {isa = PBXFileReference; fileEncoding = 4; lastKnownFileType = sourcecode.c.objc; path = "NSMutableArray+Additions.m"; sourceTree = "<group>"; };
		847FCA6516F9F76700D03502 /* NSMutableURLRequest+POSTData.h */ = {isa = PBXFileReference; fileEncoding = 4; lastKnownFileType = sourcecode.c.h; path = "NSMutableURLRequest+POSTData.h"; sourceTree = "<group>"; };
		847FCA6616F9F76700D03502 /* NSMutableURLRequest+POSTData.m */ = {isa = PBXFileReference; fileEncoding = 4; lastKnownFileType = sourcecode.c.objc; path = "NSMutableURLRequest+POSTData.m"; sourceTree = "<group>"; };
		847FCA6716F9F76700D03502 /* NSObject+DeepCopy.h */ = {isa = PBXFileReference; fileEncoding = 4; lastKnownFileType = sourcecode.c.h; path = "NSObject+DeepCopy.h"; sourceTree = "<group>"; };
		847FCA6816F9F76700D03502 /* NSObject+DeepCopy.m */ = {isa = PBXFileReference; fileEncoding = 4; lastKnownFileType = sourcecode.c.objc; path = "NSObject+DeepCopy.m"; sourceTree = "<group>"; };
		847FCA6916F9F76700D03502 /* NSObject+DSAdditions.h */ = {isa = PBXFileReference; fileEncoding = 4; lastKnownFileType = sourcecode.c.h; path = "NSObject+DSAdditions.h"; sourceTree = "<group>"; };
		847FCA6A16F9F76700D03502 /* NSObject+DSAdditions.m */ = {isa = PBXFileReference; fileEncoding = 4; lastKnownFileType = sourcecode.c.objc; path = "NSObject+DSAdditions.m"; sourceTree = "<group>"; };
		847FCA6B16F9F76700D03502 /* UIApplication+DSAdditions.h */ = {isa = PBXFileReference; fileEncoding = 4; lastKnownFileType = sourcecode.c.h; path = "UIApplication+DSAdditions.h"; sourceTree = "<group>"; };
		847FCA6C16F9F76700D03502 /* UIApplication+DSAdditions.m */ = {isa = PBXFileReference; fileEncoding = 4; lastKnownFileType = sourcecode.c.objc; path = "UIApplication+DSAdditions.m"; sourceTree = "<group>"; };
		847FCA6D16F9F76700D03502 /* UIBarButtonItem+DSAdditions.h */ = {isa = PBXFileReference; fileEncoding = 4; lastKnownFileType = sourcecode.c.h; path = "UIBarButtonItem+DSAdditions.h"; sourceTree = "<group>"; };
		847FCA6E16F9F76700D03502 /* UIBarButtonItem+DSAdditions.m */ = {isa = PBXFileReference; fileEncoding = 4; lastKnownFileType = sourcecode.c.objc; path = "UIBarButtonItem+DSAdditions.m"; sourceTree = "<group>"; };
		847FCA6F16F9F76700D03502 /* UIDevice+Additions.h */ = {isa = PBXFileReference; fileEncoding = 4; lastKnownFileType = sourcecode.c.h; path = "UIDevice+Additions.h"; sourceTree = "<group>"; };
		847FCA7016F9F76700D03502 /* UIDevice+Additions.m */ = {isa = PBXFileReference; fileEncoding = 4; lastKnownFileType = sourcecode.c.objc; path = "UIDevice+Additions.m"; sourceTree = "<group>"; };
		847FCA7116F9F76700D03502 /* UITableView+DSAdditions.h */ = {isa = PBXFileReference; fileEncoding = 4; lastKnownFileType = sourcecode.c.h; path = "UITableView+DSAdditions.h"; sourceTree = "<group>"; };
		847FCA7216F9F76700D03502 /* UITableView+DSAdditions.m */ = {isa = PBXFileReference; fileEncoding = 4; lastKnownFileType = sourcecode.c.objc; path = "UITableView+DSAdditions.m"; sourceTree = "<group>"; };
		847FCA7316F9F76700D03502 /* UIView+Layout.h */ = {isa = PBXFileReference; fileEncoding = 4; lastKnownFileType = sourcecode.c.h; path = "UIView+Layout.h"; sourceTree = "<group>"; };
		847FCA7416F9F76700D03502 /* UIView+Layout.m */ = {isa = PBXFileReference; fileEncoding = 4; lastKnownFileType = sourcecode.c.objc; path = "UIView+Layout.m"; sourceTree = "<group>"; };
		847FCA7516F9F76700D03502 /* UIView+Resizing.h */ = {isa = PBXFileReference; fileEncoding = 4; lastKnownFileType = sourcecode.c.h; path = "UIView+Resizing.h"; sourceTree = "<group>"; };
		847FCA7616F9F76700D03502 /* UIView+Resizing.m */ = {isa = PBXFileReference; fileEncoding = 4; lastKnownFileType = sourcecode.c.objc; path = "UIView+Resizing.m"; sourceTree = "<group>"; };
		847FCA7716F9F76700D03502 /* XibLoader.h */ = {isa = PBXFileReference; fileEncoding = 4; lastKnownFileType = sourcecode.c.h; path = XibLoader.h; sourceTree = "<group>"; };
		847FCA7816F9F76700D03502 /* XibLoader.m */ = {isa = PBXFileReference; fileEncoding = 4; lastKnownFileType = sourcecode.c.objc; path = XibLoader.m; sourceTree = "<group>"; };
		847FCA7916F9F76700D03502 /* UIDevice+Addittions.h */ = {isa = PBXFileReference; fileEncoding = 4; lastKnownFileType = sourcecode.c.h; path = "UIDevice+Addittions.h"; sourceTree = "<group>"; };
		849D04DA17702FC300BCD7A5 /* DSDateFormatterCache.h */ = {isa = PBXFileReference; fileEncoding = 4; lastKnownFileType = sourcecode.c.h; path = DSDateFormatterCache.h; sourceTree = "<group>"; };
		849D04DB17702FC300BCD7A5 /* DSDateFormatterCache.m */ = {isa = PBXFileReference; fileEncoding = 4; lastKnownFileType = sourcecode.c.objc; path = DSDateFormatterCache.m; sourceTree = "<group>"; };
		AED6C1931465E55000D9B44E /* libDSLib.a */ = {isa = PBXFileReference; explicitFileType = archive.ar; includeInIndex = 0; path = libDSLib.a; sourceTree = BUILT_PRODUCTS_DIR; };
		AED6C1961465E55000D9B44E /* Foundation.framework */ = {isa = PBXFileReference; lastKnownFileType = wrapper.framework; name = Foundation.framework; path = System/Library/Frameworks/Foundation.framework; sourceTree = SDKROOT; };
		AED6C19A1465E55000D9B44E /* DSLib-Prefix.pch */ = {isa = PBXFileReference; lastKnownFileType = sourcecode.c.h; name = "DSLib-Prefix.pch"; path = "DSLib/DSLib-Prefix.pch"; sourceTree = "<group>"; };
		AED6C1BA1465E77600D9B44E /* cg_generate_objc.rb */ = {isa = PBXFileReference; fileEncoding = 4; lastKnownFileType = text.script.ruby; path = cg_generate_objc.rb; sourceTree = "<group>"; };
		AED6C1BB1465E77600D9B44E /* generate_constants.rb */ = {isa = PBXFileReference; fileEncoding = 4; lastKnownFileType = text.script.ruby; path = generate_constants.rb; sourceTree = "<group>"; };
		AED6C1BC1465E77600D9B44E /* generate_constants_h.erb */ = {isa = PBXFileReference; fileEncoding = 4; lastKnownFileType = text; path = generate_constants_h.erb; sourceTree = "<group>"; };
		AED6C1BD1465E77600D9B44E /* generate_constants_m.erb */ = {isa = PBXFileReference; fileEncoding = 4; lastKnownFileType = text; path = generate_constants_m.erb; sourceTree = "<group>"; };
		AED6C1BE1465E77600D9B44E /* preprocess.sh */ = {isa = PBXFileReference; fileEncoding = 4; lastKnownFileType = text.script.sh; path = preprocess.sh; sourceTree = "<group>"; };
		AED6C1BF1465E77600D9B44E /* TestStructConst.xml */ = {isa = PBXFileReference; fileEncoding = 4; lastKnownFileType = text.xml; path = TestStructConst.xml; sourceTree = "<group>"; };
		AED6C1C11465E77600D9B44E /* DSCArray.h */ = {isa = PBXFileReference; fileEncoding = 4; lastKnownFileType = sourcecode.c.h; path = DSCArray.h; sourceTree = "<group>"; };
		AED6C1C21465E77600D9B44E /* DSCArray.m */ = {isa = PBXFileReference; fileEncoding = 4; lastKnownFileType = sourcecode.c.objc; path = DSCArray.m; sourceTree = "<group>"; };
		AED6C1C31465E77600D9B44E /* DSCFLoatDictionary.h */ = {isa = PBXFileReference; fileEncoding = 4; lastKnownFileType = sourcecode.c.h; path = DSCFLoatDictionary.h; sourceTree = "<group>"; };
		AED6C1C41465E77600D9B44E /* DSCFLoatDictionary.m */ = {isa = PBXFileReference; fileEncoding = 4; lastKnownFileType = sourcecode.c.objc; path = DSCFLoatDictionary.m; sourceTree = "<group>"; };
		AED6C1C51465E77600D9B44E /* DSQueue.h */ = {isa = PBXFileReference; fileEncoding = 4; lastKnownFileType = sourcecode.c.h; path = DSQueue.h; sourceTree = "<group>"; };
		AED6C1C61465E77600D9B44E /* DSQueue.m */ = {isa = PBXFileReference; fileEncoding = 4; lastKnownFileType = sourcecode.c.objc; path = DSQueue.m; sourceTree = "<group>"; };
		AED6C1C81465E77600D9B44E /* CoreDataManager.h */ = {isa = PBXFileReference; fileEncoding = 4; lastKnownFileType = sourcecode.c.h; path = CoreDataManager.h; sourceTree = "<group>"; };
		AED6C1C91465E77600D9B44E /* CoreDataManager.m */ = {isa = PBXFileReference; fileEncoding = 4; lastKnownFileType = sourcecode.c.objc; path = CoreDataManager.m; sourceTree = "<group>"; };
		AED6C1CA1465E77600D9B44E /* DSMacros.h */ = {isa = PBXFileReference; fileEncoding = 4; lastKnownFileType = sourcecode.c.h; path = DSMacros.h; sourceTree = "<group>"; };
		AED6C1CB1465E77600D9B44E /* DSMacros.m */ = {isa = PBXFileReference; fileEncoding = 4; lastKnownFileType = sourcecode.c.objc; path = DSMacros.m; sourceTree = "<group>"; };
		AED6C1D11465E77600D9B44E /* DependencyMapDefinition.plist */ = {isa = PBXFileReference; fileEncoding = 4; lastKnownFileType = text.plist.xml; path = DependencyMapDefinition.plist; sourceTree = "<group>"; };
		AED6C1D21465E77600D9B44E /* DependencyRegister.h */ = {isa = PBXFileReference; fileEncoding = 4; lastKnownFileType = sourcecode.c.h; path = DependencyRegister.h; sourceTree = "<group>"; };
		AED6C1D31465E77600D9B44E /* DependencyRegister.m */ = {isa = PBXFileReference; fileEncoding = 4; lastKnownFileType = sourcecode.c.objc; path = DependencyRegister.m; sourceTree = "<group>"; };
		AED6C1D41465E77600D9B44E /* DependencyResolver+Private.h */ = {isa = PBXFileReference; fileEncoding = 4; lastKnownFileType = sourcecode.c.h; path = "DependencyResolver+Private.h"; sourceTree = "<group>"; };
		AED6C1D51465E77600D9B44E /* DependencyResolver+Private.m */ = {isa = PBXFileReference; fileEncoding = 4; lastKnownFileType = sourcecode.c.objc; path = "DependencyResolver+Private.m"; sourceTree = "<group>"; };
		AED6C1D61465E77600D9B44E /* DependencyResolver+Register.h */ = {isa = PBXFileReference; fileEncoding = 4; lastKnownFileType = sourcecode.c.h; path = "DependencyResolver+Register.h"; sourceTree = "<group>"; };
		AED6C1D71465E77600D9B44E /* DependencyResolver+Register.m */ = {isa = PBXFileReference; fileEncoding = 4; lastKnownFileType = sourcecode.c.objc; path = "DependencyResolver+Register.m"; sourceTree = "<group>"; };
		AED6C1D81465E77600D9B44E /* DependencyResolver.h */ = {isa = PBXFileReference; fileEncoding = 4; lastKnownFileType = sourcecode.c.h; path = DependencyResolver.h; sourceTree = "<group>"; };
		AED6C1D91465E77600D9B44E /* DependencyResolver.m */ = {isa = PBXFileReference; fileEncoding = 4; lastKnownFileType = sourcecode.c.objc; path = DependencyResolver.m; sourceTree = "<group>"; };
		AED6C1DD1465E77600D9B44E /* FontsDB.h */ = {isa = PBXFileReference; fileEncoding = 4; lastKnownFileType = sourcecode.c.h; path = FontsDB.h; sourceTree = "<group>"; };
		AED6C1DE1465E77600D9B44E /* FontsDB.m */ = {isa = PBXFileReference; fileEncoding = 4; lastKnownFileType = sourcecode.c.objc; path = FontsDB.m; sourceTree = "<group>"; };
		AED6C1DF1465E77600D9B44E /* DSFontManager.h */ = {isa = PBXFileReference; fileEncoding = 4; lastKnownFileType = sourcecode.c.h; path = DSFontManager.h; sourceTree = "<group>"; };
		AED6C1E01465E77600D9B44E /* DSFontManager.m */ = {isa = PBXFileReference; fileEncoding = 4; lastKnownFileType = sourcecode.c.objc; path = DSFontManager.m; sourceTree = "<group>"; };
		AED6C1E11465E77600D9B44E /* UIFontsNames.plist */ = {isa = PBXFileReference; fileEncoding = 4; lastKnownFileType = text.plist.xml; path = UIFontsNames.plist; sourceTree = "<group>"; };
		AED6C1E41465E77600D9B44E /* DSActivityIndicator.h */ = {isa = PBXFileReference; fileEncoding = 4; lastKnownFileType = sourcecode.c.h; path = DSActivityIndicator.h; sourceTree = "<group>"; };
		AED6C1E51465E77600D9B44E /* DSActivityIndicator.m */ = {isa = PBXFileReference; fileEncoding = 4; lastKnownFileType = sourcecode.c.objc; path = DSActivityIndicator.m; sourceTree = "<group>"; };
		AED6C20C1465E89800D9B44E /* UIKit.framework */ = {isa = PBXFileReference; lastKnownFileType = wrapper.framework; name = UIKit.framework; path = System/Library/Frameworks/UIKit.framework; sourceTree = SDKROOT; };
		AED6C2521465EF3200D9B44E /* DSFlashingImageView.h */ = {isa = PBXFileReference; fileEncoding = 4; lastKnownFileType = sourcecode.c.h; path = DSFlashingImageView.h; sourceTree = "<group>"; };
		AED6C2531465EF3200D9B44E /* DSFlashingImageView.m */ = {isa = PBXFileReference; fileEncoding = 4; lastKnownFileType = sourcecode.c.objc; path = DSFlashingImageView.m; sourceTree = "<group>"; };
		AED6C2551465EF3200D9B44E /* DSRotatingImageView.h */ = {isa = PBXFileReference; fileEncoding = 4; lastKnownFileType = sourcecode.c.h; path = DSRotatingImageView.h; sourceTree = "<group>"; };
		AED6C2561465EF3200D9B44E /* DSRotatingImageView.m */ = {isa = PBXFileReference; fileEncoding = 4; lastKnownFileType = sourcecode.c.objc; path = DSRotatingImageView.m; sourceTree = "<group>"; };
		AED6C2581465EF3200D9B44E /* DSSlider.h */ = {isa = PBXFileReference; fileEncoding = 4; lastKnownFileType = sourcecode.c.h; path = DSSlider.h; sourceTree = "<group>"; };
		AED6C2591465EF3200D9B44E /* DSSlider.m */ = {isa = PBXFileReference; fileEncoding = 4; lastKnownFileType = sourcecode.c.objc; path = DSSlider.m; sourceTree = "<group>"; };
		AED6C25A1465EF3200D9B44E /* DSSliderDelegate.h */ = {isa = PBXFileReference; fileEncoding = 4; lastKnownFileType = sourcecode.c.h; path = DSSliderDelegate.h; sourceTree = "<group>"; };
		AED6C25B1465EF3200D9B44E /* PGSlider.h */ = {isa = PBXFileReference; fileEncoding = 4; lastKnownFileType = sourcecode.c.h; path = PGSlider.h; sourceTree = "<group>"; };
		AED6C25C1465EF3200D9B44E /* PGSlider.m */ = {isa = PBXFileReference; fileEncoding = 4; lastKnownFileType = sourcecode.c.objc; path = PGSlider.m; sourceTree = "<group>"; };
		AED6C25D1465EF3200D9B44E /* PGSlider.xib */ = {isa = PBXFileReference; fileEncoding = 4; lastKnownFileType = file.xib; path = PGSlider.xib; sourceTree = "<group>"; };
		AED6C25E1465EF3200D9B44E /* slider_background.png */ = {isa = PBXFileReference; lastKnownFileType = image.png; path = slider_background.png; sourceTree = "<group>"; };
		AED6C25F1465EF3200D9B44E /* slider_background@2x.png */ = {isa = PBXFileReference; lastKnownFileType = image.png; path = "slider_background@2x.png"; sourceTree = "<group>"; };
		AED6C2601465EF3200D9B44E /* sliderthumb.png */ = {isa = PBXFileReference; lastKnownFileType = image.png; path = sliderthumb.png; sourceTree = "<group>"; };
		AED6C2611465EF3200D9B44E /* slidertrack.png */ = {isa = PBXFileReference; lastKnownFileType = image.png; path = slidertrack.png; sourceTree = "<group>"; };
		AED6C2621465EF3200D9B44E /* slidertrack@2x.png */ = {isa = PBXFileReference; lastKnownFileType = image.png; path = "slidertrack@2x.png"; sourceTree = "<group>"; };
		AED6C2641465EF3200D9B44E /* DSCheckButton.h */ = {isa = PBXFileReference; fileEncoding = 4; lastKnownFileType = sourcecode.c.h; path = DSCheckButton.h; sourceTree = "<group>"; };
		AED6C2651465EF3200D9B44E /* DSCheckButton.m */ = {isa = PBXFileReference; fileEncoding = 4; lastKnownFileType = sourcecode.c.objc; path = DSCheckButton.m; sourceTree = "<group>"; };
		AED6C2661465EF3200D9B44E /* DSCheckButtonProtocol.h */ = {isa = PBXFileReference; fileEncoding = 4; lastKnownFileType = sourcecode.c.h; path = DSCheckButtonProtocol.h; sourceTree = "<group>"; };
		AED6C2671465EF3200D9B44E /* UISwitch+DSCheckButton.h */ = {isa = PBXFileReference; fileEncoding = 4; lastKnownFileType = sourcecode.c.h; path = "UISwitch+DSCheckButton.h"; sourceTree = "<group>"; };
		AED6C2681465EF3200D9B44E /* UISwitch+DSCheckButton.m */ = {isa = PBXFileReference; fileEncoding = 4; lastKnownFileType = sourcecode.c.objc; path = "UISwitch+DSCheckButton.m"; sourceTree = "<group>"; };
		AED6C26A1465EF3200D9B44E /* PGVideoImageView.h */ = {isa = PBXFileReference; fileEncoding = 4; lastKnownFileType = sourcecode.c.h; path = PGVideoImageView.h; sourceTree = "<group>"; };
		AED6C26B1465EF3200D9B44E /* PGVideoImageView.m */ = {isa = PBXFileReference; fileEncoding = 4; lastKnownFileType = sourcecode.c.objc; path = PGVideoImageView.m; sourceTree = "<group>"; };
		AED6C26C1465EF3200D9B44E /* PGVideoImageViewDelegate.h */ = {isa = PBXFileReference; fileEncoding = 4; lastKnownFileType = sourcecode.c.h; path = PGVideoImageViewDelegate.h; sourceTree = "<group>"; };
		AED6C26E1465EF3200D9B44E /* DSValueChooserViewController.h */ = {isa = PBXFileReference; fileEncoding = 4; lastKnownFileType = sourcecode.c.h; path = DSValueChooserViewController.h; sourceTree = "<group>"; };
		AED6C26F1465EF3200D9B44E /* DSValueChooserViewController.m */ = {isa = PBXFileReference; fileEncoding = 4; lastKnownFileType = sourcecode.c.objc; path = DSValueChooserViewController.m; sourceTree = "<group>"; };
		AED6C2701465EF3200D9B44E /* DSValueChooserViewController.xib */ = {isa = PBXFileReference; fileEncoding = 4; lastKnownFileType = file.xib; path = DSValueChooserViewController.xib; sourceTree = "<group>"; };
		AED6C2711465EF3200D9B44E /* DSValueChooserViewControllerDelegate.h */ = {isa = PBXFileReference; fileEncoding = 4; lastKnownFileType = sourcecode.c.h; path = DSValueChooserViewControllerDelegate.h; sourceTree = "<group>"; };
		AED6C2871465EF4F00D9B44E /* PGTimeFunctions.h */ = {isa = PBXFileReference; fileEncoding = 4; lastKnownFileType = sourcecode.c.h; path = PGTimeFunctions.h; sourceTree = "<group>"; };
		AED6C2881465EF4F00D9B44E /* PGTimeFunctions.m */ = {isa = PBXFileReference; fileEncoding = 4; lastKnownFileType = sourcecode.c.objc; path = PGTimeFunctions.m; sourceTree = "<group>"; };
		AED6C28B1465EF5000D9B44E /* PGSMSBridge.h */ = {isa = PBXFileReference; fileEncoding = 4; lastKnownFileType = sourcecode.c.h; path = PGSMSBridge.h; sourceTree = "<group>"; };
		AED6C28C1465EF5000D9B44E /* PGSMSBridge.m */ = {isa = PBXFileReference; fileEncoding = 4; lastKnownFileType = sourcecode.c.objc; path = PGSMSBridge.m; sourceTree = "<group>"; };
		AED6C28F1465EF5200D9B44E /* PGAccelerometerMovementDetector.h */ = {isa = PBXFileReference; fileEncoding = 4; lastKnownFileType = sourcecode.c.h; path = PGAccelerometerMovementDetector.h; sourceTree = "<group>"; };
		AED6C2901465EF5200D9B44E /* PGAccelerometerMovementDetector.m */ = {isa = PBXFileReference; fileEncoding = 4; lastKnownFileType = sourcecode.c.objc; path = PGAccelerometerMovementDetector.m; sourceTree = "<group>"; };
		AED6C2921465EF5200D9B44E /* DSVibrator.h */ = {isa = PBXFileReference; fileEncoding = 4; lastKnownFileType = sourcecode.c.h; path = DSVibrator.h; sourceTree = "<group>"; };
		AED6C2931465EF5200D9B44E /* DSVibrator.m */ = {isa = PBXFileReference; fileEncoding = 4; lastKnownFileType = sourcecode.c.objc; path = DSVibrator.m; sourceTree = "<group>"; };
/* End PBXFileReference section */

/* Begin PBXFrameworksBuildPhase section */
		AED6C1901465E55000D9B44E /* Frameworks */ = {
			isa = PBXFrameworksBuildPhase;
			buildActionMask = 2147483647;
			files = (
				AED6C20D1465E89800D9B44E /* UIKit.framework in Frameworks */,
				AED6C1971465E55000D9B44E /* Foundation.framework in Frameworks */,
			);
			runOnlyForDeploymentPostprocessing = 0;
		};
/* End PBXFrameworksBuildPhase section */

/* Begin PBXGroup section */
		84444FDE176FB67A00602FCB /* Settings */ = {
			isa = PBXGroup;
			children = (
				84444FDF176FB67A00602FCB /* CStringsFunctions.h */,
				84444FE0176FB67A00602FCB /* CStringsFunctions.m */,
				84444FE1176FB67A00602FCB /* DSRuntimeHacker.h */,
				84444FE2176FB67A00602FCB /* DSRuntimeHacker.m */,
				84444FE3176FB67A00602FCB /* DSSettings_impl.h */,
				84444FE4176FB67A00602FCB /* DSSettings_impl.m */,
			);
			path = Settings;
			sourceTree = "<group>";
		};
		849D04D917702FC300BCD7A5 /* DateFormatterCache */ = {
			isa = PBXGroup;
			children = (
				849D04DA17702FC300BCD7A5 /* DSDateFormatterCache.h */,
				849D04DB17702FC300BCD7A5 /* DSDateFormatterCache.m */,
			);
			path = DateFormatterCache;
			sourceTree = "<group>";
		};
		AED6C1881465E55000D9B44E = {
			isa = PBXGroup;
			children = (
				AED6C1981465E55000D9B44E /* DSLib */,
				AED6C1951465E55000D9B44E /* Frameworks */,
				AED6C1941465E55000D9B44E /* Products */,
			);
			sourceTree = "<group>";
		};
		AED6C1941465E55000D9B44E /* Products */ = {
			isa = PBXGroup;
			children = (
				AED6C1931465E55000D9B44E /* libDSLib.a */,
			);
			name = Products;
			sourceTree = "<group>";
		};
		AED6C1951465E55000D9B44E /* Frameworks */ = {
			isa = PBXGroup;
			children = (
				AED6C20C1465E89800D9B44E /* UIKit.framework */,
				AED6C1961465E55000D9B44E /* Foundation.framework */,
			);
			name = Frameworks;
			sourceTree = "<group>";
		};
		AED6C1981465E55000D9B44E /* DSLib */ = {
			isa = PBXGroup;
			children = (
				AED6C1AB1465E77600D9B44E /* Sources */,
				AED6C1991465E55000D9B44E /* Supporting Files */,
			);
			path = DSLib;
			sourceTree = "<group>";
		};
		AED6C1991465E55000D9B44E /* Supporting Files */ = {
			isa = PBXGroup;
			children = (
				AED6C19A1465E55000D9B44E /* DSLib-Prefix.pch */,
			);
			name = "Supporting Files";
			sourceTree = "<group>";
		};
		AED6C1AB1465E77600D9B44E /* Sources */ = {
			isa = PBXGroup;
			children = (
				AED6C2861465EF4E00D9B44E /* Helpers */,
				AED6C2891465EF4F00D9B44E /* Network */,
				AED6C28D1465EF5000D9B44E /* SystemClasses */,
				AED6C1AC1465E77600D9B44E /* Additions */,
				AED6C1B91465E77600D9B44E /* CodeGeneration */,
				AED6C1C01465E77600D9B44E /* Collections */,
				AED6C1C71465E77600D9B44E /* CoreDataManager */,
				AED6C1CA1465E77600D9B44E /* DSMacros.h */,
				AED6C1CB1465E77600D9B44E /* DSMacros.m */,
				AED6C1CC1465E77600D9B44E /* Managers */,
				AED6C1DB1465E77600D9B44E /* UI */,
				AED6C1E21465E77600D9B44E /* VariousViews */,
			);
			path = Sources;
			sourceTree = SOURCE_ROOT;
		};
		AED6C1AC1465E77600D9B44E /* Additions */ = {
			isa = PBXGroup;
			children = (
				847FCA4516F9F76700D03502 /* UIDevice+Addittions.m */,
				847FCA4616F9F76700D03502 /* CATransition+AnimationsBuilder.h */,
				847FCA4716F9F76700D03502 /* CATransition+AnimationsBuilder.m */,
				847FCA4816F9F76700D03502 /* NSArray+Extras.h */,
				847FCA4916F9F76700D03502 /* NSArray+Extras.m */,
				847FCA4A16F9F76700D03502 /* NSArray+ObjectsQuery.h */,
				847FCA4B16F9F76700D03502 /* NSArray+ObjectsQuery.m */,
				847FCA4C16F9F76700D03502 /* NSFileManager+Directories.h */,
				847FCA4D16F9F76700D03502 /* NSFileManager+Directories.m */,
				847FCA4E16F9F76700D03502 /* NSString+Encoding.h */,
				847FCA4F16F9F76700D03502 /* NSString+Encoding.m */,
				847FCA5016F9F76700D03502 /* NSString+Extras.h */,
				847FCA5116F9F76700D03502 /* NSString+Extras.m */,
				847FCA5216F9F76700D03502 /* UIAlertView+Additions.h */,
				847FCA5316F9F76700D03502 /* UIAlertView+Additions.m */,
				847FCA5416F9F76700D03502 /* UIApplication+KeyboardView.h */,
				847FCA5516F9F76700D03502 /* UIApplication+KeyboardView.m */,
				847FCA5616F9F76700D03502 /* UIFont+FromString.h */,
				847FCA5716F9F76700D03502 /* UIFont+FromString.m */,
				847FCA5816F9F76700D03502 /* UIScreen+Availability.h */,
				847FCA5916F9F76700D03502 /* UIScreen+Availability.m */,
				847FCA5A16F9F76700D03502 /* UIView+XibLoading.h */,
				847FCA5B16F9F76700D03502 /* UIView+XibLoading.m */,
				847FCA5C16F9F76700D03502 /* DSTimeFunctions.h */,
				847FCA5D16F9F76700D03502 /* NSData+OAdditions.h */,
				847FCA5E16F9F76700D03502 /* NSData+OAdditions.m */,
				847FCA5F16F9F76700D03502 /* NSDate+OAddittions.h */,
				847FCA6016F9F76700D03502 /* NSDate+OAddittions.m */,
				847FCA6116F9F76700D03502 /* NSDictionary+JSONDictionary.h */,
				847FCA6216F9F76700D03502 /* NSDictionary+JSONDictionary.m */,
				847FCA6316F9F76700D03502 /* NSMutableArray+Additions.h */,
				847FCA6416F9F76700D03502 /* NSMutableArray+Additions.m */,
				847FCA6516F9F76700D03502 /* NSMutableURLRequest+POSTData.h */,
				847FCA6616F9F76700D03502 /* NSMutableURLRequest+POSTData.m */,
				847FCA6716F9F76700D03502 /* NSObject+DeepCopy.h */,
				847FCA6816F9F76700D03502 /* NSObject+DeepCopy.m */,
				847FCA6916F9F76700D03502 /* NSObject+DSAdditions.h */,
				847FCA6A16F9F76700D03502 /* NSObject+DSAdditions.m */,
				847FCA6B16F9F76700D03502 /* UIApplication+DSAdditions.h */,
				847FCA6C16F9F76700D03502 /* UIApplication+DSAdditions.m */,
				847FCA6D16F9F76700D03502 /* UIBarButtonItem+DSAdditions.h */,
				847FCA6E16F9F76700D03502 /* UIBarButtonItem+DSAdditions.m */,
				847FCA6F16F9F76700D03502 /* UIDevice+Additions.h */,
				847FCA7016F9F76700D03502 /* UIDevice+Additions.m */,
				847FCA7116F9F76700D03502 /* UITableView+DSAdditions.h */,
				847FCA7216F9F76700D03502 /* UITableView+DSAdditions.m */,
				847FCA7316F9F76700D03502 /* UIView+Layout.h */,
				847FCA7416F9F76700D03502 /* UIView+Layout.m */,
				847FCA7516F9F76700D03502 /* UIView+Resizing.h */,
				847FCA7616F9F76700D03502 /* UIView+Resizing.m */,
				847FCA7716F9F76700D03502 /* XibLoader.h */,
				847FCA7816F9F76700D03502 /* XibLoader.m */,
				847FCA7916F9F76700D03502 /* UIDevice+Addittions.h */,
			);
			path = Additions;
			sourceTree = "<group>";
		};
		AED6C1B91465E77600D9B44E /* CodeGeneration */ = {
			isa = PBXGroup;
			children = (
				AED6C1BA1465E77600D9B44E /* cg_generate_objc.rb */,
				AED6C1BB1465E77600D9B44E /* generate_constants.rb */,
				AED6C1BC1465E77600D9B44E /* generate_constants_h.erb */,
				AED6C1BD1465E77600D9B44E /* generate_constants_m.erb */,
				AED6C1BE1465E77600D9B44E /* preprocess.sh */,
				AED6C1BF1465E77600D9B44E /* TestStructConst.xml */,
			);
			path = CodeGeneration;
			sourceTree = "<group>";
		};
		AED6C1C01465E77600D9B44E /* Collections */ = {
			isa = PBXGroup;
			children = (
				AED6C1C11465E77600D9B44E /* DSCArray.h */,
				AED6C1C21465E77600D9B44E /* DSCArray.m */,
				AED6C1C31465E77600D9B44E /* DSCFLoatDictionary.h */,
				AED6C1C41465E77600D9B44E /* DSCFLoatDictionary.m */,
				AED6C1C51465E77600D9B44E /* DSQueue.h */,
				AED6C1C61465E77600D9B44E /* DSQueue.m */,
			);
			path = Collections;
			sourceTree = "<group>";
		};
		AED6C1C71465E77600D9B44E /* CoreDataManager */ = {
			isa = PBXGroup;
			children = (
				AED6C1C81465E77600D9B44E /* CoreDataManager.h */,
				AED6C1C91465E77600D9B44E /* CoreDataManager.m */,
			);
			path = CoreDataManager;
			sourceTree = "<group>";
		};
		AED6C1CC1465E77600D9B44E /* Managers */ = {
			isa = PBXGroup;
			children = (
				84444FDE176FB67A00602FCB /* Settings */,
				AED6C1D01465E77600D9B44E /* IoSDependencyResolver */,
			);
			path = Managers;
			sourceTree = "<group>";
		};
		AED6C1D01465E77600D9B44E /* IoSDependencyResolver */ = {
			isa = PBXGroup;
			children = (
				AED6C1D11465E77600D9B44E /* DependencyMapDefinition.plist */,
				AED6C1D21465E77600D9B44E /* DependencyRegister.h */,
				AED6C1D31465E77600D9B44E /* DependencyRegister.m */,
				AED6C1D41465E77600D9B44E /* DependencyResolver+Private.h */,
				AED6C1D51465E77600D9B44E /* DependencyResolver+Private.m */,
				AED6C1D61465E77600D9B44E /* DependencyResolver+Register.h */,
				AED6C1D71465E77600D9B44E /* DependencyResolver+Register.m */,
				AED6C1D81465E77600D9B44E /* DependencyResolver.h */,
				AED6C1D91465E77600D9B44E /* DependencyResolver.m */,
			);
			path = IoSDependencyResolver;
			sourceTree = "<group>";
		};
		AED6C1DB1465E77600D9B44E /* UI */ = {
			isa = PBXGroup;
			children = (
				AED6C1DC1465E77600D9B44E /* FontsManager */,
			);
			path = UI;
			sourceTree = "<group>";
		};
		AED6C1DC1465E77600D9B44E /* FontsManager */ = {
			isa = PBXGroup;
			children = (
				AED6C1DD1465E77600D9B44E /* FontsDB.h */,
				AED6C1DE1465E77600D9B44E /* FontsDB.m */,
				AED6C1DF1465E77600D9B44E /* DSFontManager.h */,
				AED6C1E01465E77600D9B44E /* DSFontManager.m */,
				AED6C1E11465E77600D9B44E /* UIFontsNames.plist */,
			);
			path = FontsManager;
			sourceTree = "<group>";
		};
		AED6C1E21465E77600D9B44E /* VariousViews */ = {
			isa = PBXGroup;
			children = (
				AED6C2511465EF3200D9B44E /* DSFlashingImageView */,
				AED6C2541465EF3200D9B44E /* DSRotatingImageView */,
				AED6C2571465EF3200D9B44E /* DSSlider */,
				AED6C2631465EF3200D9B44E /* DSToggleButton */,
				AED6C2691465EF3200D9B44E /* PGVideoImageView */,
				AED6C26D1465EF3200D9B44E /* ValueChooserViewController */,
				AED6C1E31465E77600D9B44E /* DSActivityIndicator */,
			);
			path = VariousViews;
			sourceTree = "<group>";
		};
		AED6C1E31465E77600D9B44E /* DSActivityIndicator */ = {
			isa = PBXGroup;
			children = (
				AED6C1E41465E77600D9B44E /* DSActivityIndicator.h */,
				AED6C1E51465E77600D9B44E /* DSActivityIndicator.m */,
			);
			path = DSActivityIndicator;
			sourceTree = "<group>";
		};
		AED6C2511465EF3200D9B44E /* DSFlashingImageView */ = {
			isa = PBXGroup;
			children = (
				AED6C2521465EF3200D9B44E /* DSFlashingImageView.h */,
				AED6C2531465EF3200D9B44E /* DSFlashingImageView.m */,
			);
			path = DSFlashingImageView;
			sourceTree = "<group>";
		};
		AED6C2541465EF3200D9B44E /* DSRotatingImageView */ = {
			isa = PBXGroup;
			children = (
				AED6C2551465EF3200D9B44E /* DSRotatingImageView.h */,
				AED6C2561465EF3200D9B44E /* DSRotatingImageView.m */,
			);
			path = DSRotatingImageView;
			sourceTree = "<group>";
		};
		AED6C2571465EF3200D9B44E /* DSSlider */ = {
			isa = PBXGroup;
			children = (
				AED6C2581465EF3200D9B44E /* DSSlider.h */,
				AED6C2591465EF3200D9B44E /* DSSlider.m */,
				AED6C25A1465EF3200D9B44E /* DSSliderDelegate.h */,
				AED6C25B1465EF3200D9B44E /* PGSlider.h */,
				AED6C25C1465EF3200D9B44E /* PGSlider.m */,
				AED6C25D1465EF3200D9B44E /* PGSlider.xib */,
				AED6C25E1465EF3200D9B44E /* slider_background.png */,
				AED6C25F1465EF3200D9B44E /* slider_background@2x.png */,
				AED6C2601465EF3200D9B44E /* sliderthumb.png */,
				AED6C2611465EF3200D9B44E /* slidertrack.png */,
				AED6C2621465EF3200D9B44E /* slidertrack@2x.png */,
			);
			path = DSSlider;
			sourceTree = "<group>";
		};
		AED6C2631465EF3200D9B44E /* DSToggleButton */ = {
			isa = PBXGroup;
			children = (
				AED6C2641465EF3200D9B44E /* DSCheckButton.h */,
				AED6C2651465EF3200D9B44E /* DSCheckButton.m */,
				AED6C2661465EF3200D9B44E /* DSCheckButtonProtocol.h */,
				AED6C2671465EF3200D9B44E /* UISwitch+DSCheckButton.h */,
				AED6C2681465EF3200D9B44E /* UISwitch+DSCheckButton.m */,
			);
			path = DSToggleButton;
			sourceTree = "<group>";
		};
		AED6C2691465EF3200D9B44E /* PGVideoImageView */ = {
			isa = PBXGroup;
			children = (
				AED6C26A1465EF3200D9B44E /* PGVideoImageView.h */,
				AED6C26B1465EF3200D9B44E /* PGVideoImageView.m */,
				AED6C26C1465EF3200D9B44E /* PGVideoImageViewDelegate.h */,
			);
			path = PGVideoImageView;
			sourceTree = "<group>";
		};
		AED6C26D1465EF3200D9B44E /* ValueChooserViewController */ = {
			isa = PBXGroup;
			children = (
				AED6C26E1465EF3200D9B44E /* DSValueChooserViewController.h */,
				AED6C26F1465EF3200D9B44E /* DSValueChooserViewController.m */,
				AED6C2701465EF3200D9B44E /* DSValueChooserViewController.xib */,
				AED6C2711465EF3200D9B44E /* DSValueChooserViewControllerDelegate.h */,
			);
			path = ValueChooserViewController;
			sourceTree = "<group>";
		};
		AED6C2861465EF4E00D9B44E /* Helpers */ = {
			isa = PBXGroup;
			children = (
				849D04D917702FC300BCD7A5 /* DateFormatterCache */,
				AED6C2871465EF4F00D9B44E /* PGTimeFunctions.h */,
				AED6C2881465EF4F00D9B44E /* PGTimeFunctions.m */,
			);
			path = Helpers;
			sourceTree = "<group>";
		};
		AED6C2891465EF4F00D9B44E /* Network */ = {
			isa = PBXGroup;
			children = (
				AED6C28A1465EF5000D9B44E /* SMSBridge */,
			);
			path = Network;
			sourceTree = "<group>";
		};
		AED6C28A1465EF5000D9B44E /* SMSBridge */ = {
			isa = PBXGroup;
			children = (
				AED6C28B1465EF5000D9B44E /* PGSMSBridge.h */,
				AED6C28C1465EF5000D9B44E /* PGSMSBridge.m */,
			);
			path = SMSBridge;
			sourceTree = "<group>";
		};
		AED6C28D1465EF5000D9B44E /* SystemClasses */ = {
			isa = PBXGroup;
			children = (
				AED6C28E1465EF5200D9B44E /* AccelermoterMovementDetector */,
				AED6C2911465EF5200D9B44E /* DSVibrator */,
			);
			path = SystemClasses;
			sourceTree = "<group>";
		};
		AED6C28E1465EF5200D9B44E /* AccelermoterMovementDetector */ = {
			isa = PBXGroup;
			children = (
				AED6C28F1465EF5200D9B44E /* PGAccelerometerMovementDetector.h */,
				AED6C2901465EF5200D9B44E /* PGAccelerometerMovementDetector.m */,
			);
			path = AccelermoterMovementDetector;
			sourceTree = "<group>";
		};
		AED6C2911465EF5200D9B44E /* DSVibrator */ = {
			isa = PBXGroup;
			children = (
				AED6C2921465EF5200D9B44E /* DSVibrator.h */,
				AED6C2931465EF5200D9B44E /* DSVibrator.m */,
			);
			path = DSVibrator;
			sourceTree = "<group>";
		};
/* End PBXGroup section */

/* Begin PBXHeadersBuildPhase section */
		AED6C1911465E55000D9B44E /* Headers */ = {
			isa = PBXHeadersBuildPhase;
			buildActionMask = 2147483647;
			files = (
				AED6C1F21465E77600D9B44E /* DSCArray.h in Headers */,
				AED6C1F41465E77600D9B44E /* DSCFLoatDictionary.h in Headers */,
				AED6C1F61465E77600D9B44E /* DSQueue.h in Headers */,
				AED6C1F81465E77600D9B44E /* CoreDataManager.h in Headers */,
				AED6C1FA1465E77600D9B44E /* DSMacros.h in Headers */,
				AED6C1FE1465E77600D9B44E /* DependencyRegister.h in Headers */,
				AED6C2001465E77600D9B44E /* DependencyResolver+Private.h in Headers */,
				AED6C2021465E77600D9B44E /* DependencyResolver+Register.h in Headers */,
				AED6C2041465E77600D9B44E /* DependencyResolver.h in Headers */,
				AED6C2061465E77600D9B44E /* FontsDB.h in Headers */,
				AED6C2081465E77600D9B44E /* DSFontManager.h in Headers */,
				AED6C20A1465E77600D9B44E /* DSActivityIndicator.h in Headers */,
				AED6C2721465EF3200D9B44E /* DSFlashingImageView.h in Headers */,
				AED6C2741465EF3200D9B44E /* DSRotatingImageView.h in Headers */,
				AED6C2761465EF3200D9B44E /* DSSlider.h in Headers */,
				AED6C2781465EF3200D9B44E /* DSSliderDelegate.h in Headers */,
				AED6C2791465EF3200D9B44E /* PGSlider.h in Headers */,
				AED6C27B1465EF3200D9B44E /* DSCheckButton.h in Headers */,
				AED6C27D1465EF3200D9B44E /* DSCheckButtonProtocol.h in Headers */,
				AED6C27E1465EF3200D9B44E /* UISwitch+DSCheckButton.h in Headers */,
				AED6C2801465EF3200D9B44E /* PGVideoImageView.h in Headers */,
				AED6C2821465EF3200D9B44E /* PGVideoImageViewDelegate.h in Headers */,
				AED6C2831465EF3200D9B44E /* DSValueChooserViewController.h in Headers */,
				AED6C2851465EF3200D9B44E /* DSValueChooserViewControllerDelegate.h in Headers */,
				AED6C2941465EF5200D9B44E /* PGTimeFunctions.h in Headers */,
				AED6C2961465EF5200D9B44E /* PGSMSBridge.h in Headers */,
				AED6C2981465EF5200D9B44E /* PGAccelerometerMovementDetector.h in Headers */,
				AED6C29A1465EF5200D9B44E /* DSVibrator.h in Headers */,
				847FCA7B16F9F76700D03502 /* CATransition+AnimationsBuilder.h in Headers */,
				847FCA7D16F9F76700D03502 /* NSArray+Extras.h in Headers */,
				847FCA7F16F9F76700D03502 /* NSArray+ObjectsQuery.h in Headers */,
				847FCA8116F9F76700D03502 /* NSFileManager+Directories.h in Headers */,
				847FCA8316F9F76700D03502 /* NSString+Encoding.h in Headers */,
				847FCA8516F9F76700D03502 /* NSString+Extras.h in Headers */,
				847FCA8716F9F76700D03502 /* UIAlertView+Additions.h in Headers */,
				847FCA8916F9F76700D03502 /* UIApplication+KeyboardView.h in Headers */,
				847FCA8B16F9F76700D03502 /* UIFont+FromString.h in Headers */,
				847FCA8D16F9F76700D03502 /* UIScreen+Availability.h in Headers */,
				847FCA8F16F9F76700D03502 /* UIView+XibLoading.h in Headers */,
				847FCA9116F9F76700D03502 /* DSTimeFunctions.h in Headers */,
				847FCA9216F9F76700D03502 /* NSData+OAdditions.h in Headers */,
				847FCA9416F9F76700D03502 /* NSDate+OAddittions.h in Headers */,
				847FCA9616F9F76700D03502 /* NSDictionary+JSONDictionary.h in Headers */,
				847FCA9816F9F76700D03502 /* NSMutableArray+Additions.h in Headers */,
				847FCA9A16F9F76700D03502 /* NSMutableURLRequest+POSTData.h in Headers */,
				847FCA9C16F9F76700D03502 /* NSObject+DeepCopy.h in Headers */,
				847FCA9E16F9F76700D03502 /* NSObject+DSAdditions.h in Headers */,
				847FCAA016F9F76700D03502 /* UIApplication+DSAdditions.h in Headers */,
				847FCAA216F9F76700D03502 /* UIBarButtonItem+DSAdditions.h in Headers */,
				847FCAA416F9F76700D03502 /* UIDevice+Additions.h in Headers */,
				847FCAA616F9F76700D03502 /* UITableView+DSAdditions.h in Headers */,
				847FCAA816F9F76700D03502 /* UIView+Layout.h in Headers */,
				847FCAAA16F9F76700D03502 /* UIView+Resizing.h in Headers */,
				847FCAAC16F9F76700D03502 /* XibLoader.h in Headers */,
				847FCAAE16F9F76700D03502 /* UIDevice+Addittions.h in Headers */,
				84444FE5176FB67A00602FCB /* CStringsFunctions.h in Headers */,
				84444FE7176FB67A00602FCB /* DSRuntimeHacker.h in Headers */,
				84444FE9176FB67A00602FCB /* DSSettings_impl.h in Headers */,
				849D04DC17702FC300BCD7A5 /* DSDateFormatterCache.h in Headers */,
			);
			runOnlyForDeploymentPostprocessing = 0;
		};
/* End PBXHeadersBuildPhase section */

/* Begin PBXNativeTarget section */
		AED6C1921465E55000D9B44E /* DSLib */ = {
			isa = PBXNativeTarget;
			buildConfigurationList = AED6C1A01465E55000D9B44E /* Build configuration list for PBXNativeTarget "DSLib" */;
			buildPhases = (
				AED6C18F1465E55000D9B44E /* Sources */,
				AED6C1901465E55000D9B44E /* Frameworks */,
				AED6C1911465E55000D9B44E /* Headers */,
			);
			buildRules = (
			);
			dependencies = (
			);
			name = DSLib;
			productName = DSLib;
			productReference = AED6C1931465E55000D9B44E /* libDSLib.a */;
			productType = "com.apple.product-type.library.static";
		};
/* End PBXNativeTarget section */

/* Begin PBXProject section */
		AED6C18A1465E55000D9B44E /* Project object */ = {
			isa = PBXProject;
			attributes = {
				LastUpgradeCheck = 0420;
				ORGANIZATIONNAME = "DS ltd.";
			};
			buildConfigurationList = AED6C18D1465E55000D9B44E /* Build configuration list for PBXProject "DSLib" */;
			compatibilityVersion = "Xcode 3.2";
			developmentRegion = English;
			hasScannedForEncodings = 0;
			knownRegions = (
				en,
			);
			mainGroup = AED6C1881465E55000D9B44E;
			productRefGroup = AED6C1941465E55000D9B44E /* Products */;
			projectDirPath = "";
			projectRoot = "";
			targets = (
				AED6C1921465E55000D9B44E /* DSLib */,
			);
		};
/* End PBXProject section */

/* Begin PBXSourcesBuildPhase section */
		AED6C18F1465E55000D9B44E /* Sources */ = {
			isa = PBXSourcesBuildPhase;
			buildActionMask = 2147483647;
			files = (
				AED6C1F31465E77600D9B44E /* DSCArray.m in Sources */,
				AED6C1F51465E77600D9B44E /* DSCFLoatDictionary.m in Sources */,
				AED6C1F71465E77600D9B44E /* DSQueue.m in Sources */,
				AED6C1F91465E77600D9B44E /* CoreDataManager.m in Sources */,
				AED6C1FB1465E77600D9B44E /* DSMacros.m in Sources */,
				AED6C1FF1465E77600D9B44E /* DependencyRegister.m in Sources */,
				AED6C2011465E77600D9B44E /* DependencyResolver+Private.m in Sources */,
				AED6C2031465E77600D9B44E /* DependencyResolver+Register.m in Sources */,
				AED6C2051465E77600D9B44E /* DependencyResolver.m in Sources */,
				AED6C2071465E77600D9B44E /* FontsDB.m in Sources */,
				AED6C2091465E77600D9B44E /* DSFontManager.m in Sources */,
				AED6C20B1465E77600D9B44E /* DSActivityIndicator.m in Sources */,
				AED6C2731465EF3200D9B44E /* DSFlashingImageView.m in Sources */,
				AED6C2751465EF3200D9B44E /* DSRotatingImageView.m in Sources */,
				AED6C2771465EF3200D9B44E /* DSSlider.m in Sources */,
				AED6C27A1465EF3200D9B44E /* PGSlider.m in Sources */,
				AED6C27C1465EF3200D9B44E /* DSCheckButton.m in Sources */,
				AED6C27F1465EF3200D9B44E /* UISwitch+DSCheckButton.m in Sources */,
				AED6C2811465EF3200D9B44E /* PGVideoImageView.m in Sources */,
				AED6C2841465EF3200D9B44E /* DSValueChooserViewController.m in Sources */,
				AED6C2951465EF5200D9B44E /* PGTimeFunctions.m in Sources */,
				AED6C2971465EF5200D9B44E /* PGSMSBridge.m in Sources */,
				AED6C2991465EF5200D9B44E /* PGAccelerometerMovementDetector.m in Sources */,
				AED6C29B1465EF5200D9B44E /* DSVibrator.m in Sources */,
				847FCA7A16F9F76700D03502 /* UIDevice+Addittions.m in Sources */,
				847FCA7C16F9F76700D03502 /* CATransition+AnimationsBuilder.m in Sources */,
				847FCA7E16F9F76700D03502 /* NSArray+Extras.m in Sources */,
				847FCA8016F9F76700D03502 /* NSArray+ObjectsQuery.m in Sources */,
				847FCA8216F9F76700D03502 /* NSFileManager+Directories.m in Sources */,
				847FCA8416F9F76700D03502 /* NSString+Encoding.m in Sources */,
				847FCA8616F9F76700D03502 /* NSString+Extras.m in Sources */,
				847FCA8816F9F76700D03502 /* UIAlertView+Additions.m in Sources */,
				847FCA8A16F9F76700D03502 /* UIApplication+KeyboardView.m in Sources */,
				847FCA8C16F9F76700D03502 /* UIFont+FromString.m in Sources */,
				847FCA8E16F9F76700D03502 /* UIScreen+Availability.m in Sources */,
				847FCA9016F9F76700D03502 /* UIView+XibLoading.m in Sources */,
				847FCA9316F9F76700D03502 /* NSData+OAdditions.m in Sources */,
				847FCA9516F9F76700D03502 /* NSDate+OAddittions.m in Sources */,
				847FCA9716F9F76700D03502 /* NSDictionary+JSONDictionary.m in Sources */,
				847FCA9916F9F76700D03502 /* NSMutableArray+Additions.m in Sources */,
				847FCA9B16F9F76700D03502 /* NSMutableURLRequest+POSTData.m in Sources */,
				847FCA9D16F9F76700D03502 /* NSObject+DeepCopy.m in Sources */,
				847FCA9F16F9F76700D03502 /* NSObject+DSAdditions.m in Sources */,
				847FCAA116F9F76700D03502 /* UIApplication+DSAdditions.m in Sources */,
				847FCAA316F9F76700D03502 /* UIBarButtonItem+DSAdditions.m in Sources */,
				847FCAA516F9F76700D03502 /* UIDevice+Additions.m in Sources */,
				847FCAA716F9F76700D03502 /* UITableView+DSAdditions.m in Sources */,
				847FCAA916F9F76700D03502 /* UIView+Layout.m in Sources */,
				847FCAAB16F9F76700D03502 /* UIView+Resizing.m in Sources */,
				847FCAAD16F9F76700D03502 /* XibLoader.m in Sources */,
				84444FE6176FB67A00602FCB /* CStringsFunctions.m in Sources */,
				84444FE8176FB67A00602FCB /* DSRuntimeHacker.m in Sources */,
				84444FEA176FB67A00602FCB /* DSSettings_impl.m in Sources */,
				849D04DD17702FC300BCD7A5 /* DSDateFormatterCache.m in Sources */,
			);
			runOnlyForDeploymentPostprocessing = 0;
		};
/* End PBXSourcesBuildPhase section */

/* Begin XCBuildConfiguration section */
		AED6C19E1465E55000D9B44E /* Debug */ = {
			isa = XCBuildConfiguration;
			buildSettings = {
				ALWAYS_SEARCH_USER_PATHS = NO;
				ARCHS = "$(ARCHS_STANDARD_32_BIT)";
				COPY_PHASE_STRIP = NO;
				GCC_C_LANGUAGE_STANDARD = gnu99;
				GCC_DYNAMIC_NO_PIC = NO;
				GCC_OPTIMIZATION_LEVEL = 0;
				GCC_PREPROCESSOR_DEFINITIONS = (
					"DEBUG=1",
					"$(inherited)",
				);
				GCC_SYMBOLS_PRIVATE_EXTERN = NO;
				GCC_VERSION = com.apple.compilers.llvm.clang.1_0;
				GCC_WARN_ABOUT_MISSING_PROTOTYPES = YES;
				GCC_WARN_ABOUT_RETURN_TYPE = YES;
				GCC_WARN_UNUSED_VARIABLE = YES;
				IPHONEOS_DEPLOYMENT_TARGET = 5.0;
				SDKROOT = iphoneos;
			};
			name = Debug;
		};
		AED6C19F1465E55000D9B44E /* Release */ = {
			isa = XCBuildConfiguration;
			buildSettings = {
				ALWAYS_SEARCH_USER_PATHS = NO;
				ARCHS = "$(ARCHS_STANDARD_32_BIT)";
				COPY_PHASE_STRIP = YES;
				GCC_C_LANGUAGE_STANDARD = gnu99;
				GCC_VERSION = com.apple.compilers.llvm.clang.1_0;
				GCC_WARN_ABOUT_MISSING_PROTOTYPES = YES;
				GCC_WARN_ABOUT_RETURN_TYPE = YES;
				GCC_WARN_UNUSED_VARIABLE = YES;
				IPHONEOS_DEPLOYMENT_TARGET = 5.0;
				SDKROOT = iphoneos;
				VALIDATE_PRODUCT = YES;
			};
			name = Release;
		};
		AED6C1A11465E55000D9B44E /* Debug */ = {
			isa = XCBuildConfiguration;
			buildSettings = {
				CLANG_ENABLE_OBJC_ARC = YES;
				DSTROOT = /tmp/DSLib.dst;
				GCC_PRECOMPILE_PREFIX_HEADER = YES;
				GCC_PREFIX_HEADER = "DSLib/DSLib-Prefix.pch";
				OTHER_LDFLAGS = "-ObjC";
				PRODUCT_NAME = "$(TARGET_NAME)";
				SKIP_INSTALL = YES;
			};
			name = Debug;
		};
		AED6C1A21465E55000D9B44E /* Release */ = {
			isa = XCBuildConfiguration;
			buildSettings = {
				CLANG_ENABLE_OBJC_ARC = YES;
				DSTROOT = /tmp/DSLib.dst;
				GCC_PRECOMPILE_PREFIX_HEADER = YES;
				GCC_PREFIX_HEADER = "DSLib/DSLib-Prefix.pch";
				OTHER_LDFLAGS = "-ObjC";
				PRODUCT_NAME = "$(TARGET_NAME)";
				SKIP_INSTALL = YES;
			};
			name = Release;
		};
/* End XCBuildConfiguration section */

/* Begin XCConfigurationList section */
		AED6C18D1465E55000D9B44E /* Build configuration list for PBXProject "DSLib" */ = {
			isa = XCConfigurationList;
			buildConfigurations = (
				AED6C19E1465E55000D9B44E /* Debug */,
				AED6C19F1465E55000D9B44E /* Release */,
			);
			defaultConfigurationIsVisible = 0;
			defaultConfigurationName = Release;
		};
		AED6C1A01465E55000D9B44E /* Build configuration list for PBXNativeTarget "DSLib" */ = {
			isa = XCConfigurationList;
			buildConfigurations = (
				AED6C1A11465E55000D9B44E /* Debug */,
				AED6C1A21465E55000D9B44E /* Release */,
			);
			defaultConfigurationIsVisible = 0;
			defaultConfigurationName = Release;
		};
/* End XCConfigurationList section */
	};
	rootObject = AED6C18A1465E55000D9B44E /* Project object */;
}
